
Microsoft Visual Studio Solution File, Format Version 12.00
# Visual Studio Version 16
VisualStudioVersion = 16.0.31410.357
MinimumVisualStudioVersion = 10.0.40219.1
Project("{FAE04EC0-301F-11D3-BF4B-00C04F79EFBC}") = "20-09-23.03", "20-09-23.03.csproj", "{8266AC33-C2BA-46C2-BFDE-C4A8D9AE0326}"
EndProject
Global
	GlobalSection(SolutionConfigurationPlatforms) = preSolution
		Debug|Any CPU = Debug|Any CPU
		Release|Any CPU = Release|Any CPU
	EndGlobalSection
	GlobalSection(ProjectConfigurationPlatforms) = postSolution
		{8266AC33-C2BA-46C2-BFDE-C4A8D9AE0326}.Debug|Any CPU.ActiveCfg = Debug|Any CPU
		{8266AC33-C2BA-46C2-BFDE-C4A8D9AE0326}.Debug|Any CPU.Build.0 = Debug|Any CPU
		{8266AC33-C2BA-46C2-BFDE-C4A8D9AE0326}.Release|Any CPU.ActiveCfg = Release|Any CPU
		{8266AC33-C2BA-46C2-BFDE-C4A8D9AE0326}.Release|Any CPU.Build.0 = Release|Any CPU
	EndGlobalSection
	GlobalSection(SolutionProperties) = preSolution
		HideSolutionNode = FALSE
	EndGlobalSection
	GlobalSection(ExtensibilityGlobals) = postSolution
		SolutionGuid = {47BAAF3A-9FF7-4770-83D3-74178FEA5DF9}
	EndGlobalSection
EndGlobal
