
Microsoft Visual Studio Solution File, Format Version 12.00
# Visual Studio Version 17
VisualStudioVersion = 17.6.33723.286
MinimumVisualStudioVersion = 10.0.40219.1
Project("{FAE04EC0-301F-11D3-BF4B-00C04F79EFBC}") = "Examen 09-10-23", "Examen 09-10-23.csproj", "{2CAB0204-81CB-473F-9434-462468CD57A6}"
EndProject
Global
	GlobalSection(SolutionConfigurationPlatforms) = preSolution
		Debug|Any CPU = Debug|Any CPU
		Release|Any CPU = Release|Any CPU
	EndGlobalSection
	GlobalSection(ProjectConfigurationPlatforms) = postSolution
		{2CAB0204-81CB-473F-9434-462468CD57A6}.Debug|Any CPU.ActiveCfg = Debug|Any CPU
		{2CAB0204-81CB-473F-9434-462468CD57A6}.Debug|Any CPU.Build.0 = Debug|Any CPU
		{2CAB0204-81CB-473F-9434-462468CD57A6}.Release|Any CPU.ActiveCfg = Release|Any CPU
		{2CAB0204-81CB-473F-9434-462468CD57A6}.Release|Any CPU.Build.0 = Release|Any CPU
	EndGlobalSection
	GlobalSection(SolutionProperties) = preSolution
		HideSolutionNode = FALSE
	EndGlobalSection
	GlobalSection(ExtensibilityGlobals) = postSolution
		SolutionGuid = {4F97DF51-CFF9-49E5-A5BC-0B71A6735EAE}
	EndGlobalSection
EndGlobal
