
Microsoft Visual Studio Solution File, Format Version 12.00
# Visual Studio Version 17
VisualStudioVersion = 17.7.34031.279
MinimumVisualStudioVersion = 10.0.40219.1
Project("{FAE04EC0-301F-11D3-BF4B-00C04F79EFBC}") = "horario3", "horario3\horario3.csproj", "{83424BE6-C55A-40D6-AC1A-D51DC80BBBE2}"
EndProject
Global
	GlobalSection(SolutionConfigurationPlatforms) = preSolution
		Debug|Any CPU = Debug|Any CPU
		Release|Any CPU = Release|Any CPU
	EndGlobalSection
	GlobalSection(ProjectConfigurationPlatforms) = postSolution
		{83424BE6-C55A-40D6-AC1A-D51DC80BBBE2}.Debug|Any CPU.ActiveCfg = Debug|Any CPU
		{83424BE6-C55A-40D6-AC1A-D51DC80BBBE2}.Debug|Any CPU.Build.0 = Debug|Any CPU
		{83424BE6-C55A-40D6-AC1A-D51DC80BBBE2}.Release|Any CPU.ActiveCfg = Release|Any CPU
		{83424BE6-C55A-40D6-AC1A-D51DC80BBBE2}.Release|Any CPU.Build.0 = Release|Any CPU
	EndGlobalSection
	GlobalSection(SolutionProperties) = preSolution
		HideSolutionNode = FALSE
	EndGlobalSection
	GlobalSection(ExtensibilityGlobals) = postSolution
		SolutionGuid = {3C0FAAE0-DB2A-447E-8587-62BBA98E83D5}
	EndGlobalSection
EndGlobal
