
Microsoft Visual Studio Solution File, Format Version 12.00
# Visual Studio Version 17
VisualStudioVersion = 17.7.34221.43
MinimumVisualStudioVersion = 10.0.40219.1
Project("{FAE04EC0-301F-11D3-BF4B-00C04F79EFBC}") = "ConsoleApp6", "ConsoleApp6.csproj", "{A105B149-E8C5-4ADE-9AAB-91CC21F762A0}"
EndProject
Global
	GlobalSection(SolutionConfigurationPlatforms) = preSolution
		Debug|Any CPU = Debug|Any CPU
		Release|Any CPU = Release|Any CPU
	EndGlobalSection
	GlobalSection(ProjectConfigurationPlatforms) = postSolution
		{A105B149-E8C5-4ADE-9AAB-91CC21F762A0}.Debug|Any CPU.ActiveCfg = Debug|Any CPU
		{A105B149-E8C5-4ADE-9AAB-91CC21F762A0}.Debug|Any CPU.Build.0 = Debug|Any CPU
		{A105B149-E8C5-4ADE-9AAB-91CC21F762A0}.Release|Any CPU.ActiveCfg = Release|Any CPU
		{A105B149-E8C5-4ADE-9AAB-91CC21F762A0}.Release|Any CPU.Build.0 = Release|Any CPU
	EndGlobalSection
	GlobalSection(SolutionProperties) = preSolution
		HideSolutionNode = FALSE
	EndGlobalSection
	GlobalSection(ExtensibilityGlobals) = postSolution
		SolutionGuid = {5CA76C02-497F-41E6-9186-E5F0AC99771C}
	EndGlobalSection
EndGlobal
